<Solution>
  <Folder Name="/src/">
    <Project Path="src/Caishenfolio.Desktop/Caishenfolio.Desktop.csproj" />
    <Project Path="src/Caishenfolio.Host/Caishenfolio.Host.csproj" />
  </Folder>
  <Folder Name="/tests/">
    <Project Path="tests/Caishenfolio.Host.Tests/Caishenfolio.Host.Tests.csproj" />
  </Folder>
</Solution>
